// !$*UTF8*$!
{
	archiveVersion = 1;
	classes = {
	};
	objectVersion = 51;
	objects = {

/* Begin PBXBuildFile section */
		7DBBCB2724F1AFEC008C3A2D /* CurrencyModels.swift in Sources */ = {isa = PBXBuildFile; fileRef = 7DBBCB2624F1AFEC008C3A2D /* CurrencyModels.swift */; };
		9414E21325010A0E0093E3A8 /* LoginViewModel.swift in Sources */ = {isa = PBXBuildFile; fileRef = 9414E21225010A0E0093E3A8 /* LoginViewModel.swift */; };
		9414E21625010FCF0093E3A8 /* RegisterViewModel.swift in Sources */ = {isa = PBXBuildFile; fileRef = 9414E21525010FCF0093E3A8 /* RegisterViewModel.swift */; };
		9414E2192501142E0093E3A8 /* ResetViewModel.swift in Sources */ = {isa = PBXBuildFile; fileRef = 9414E2182501142E0093E3A8 /* ResetViewModel.swift */; };
		94237A0C24EFE64C00E86D32 /* MainScreenViewController.swift in Sources */ = {isa = PBXBuildFile; fileRef = 94237A0B24EFE64C00E86D32 /* MainScreenViewController.swift */; };
		94237A0E24EFEB2500E86D32 /* Navigation.swift in Sources */ = {isa = PBXBuildFile; fileRef = 94237A0D24EFEB2500E86D32 /* Navigation.swift */; };
		94237A1124EFF9D000E86D32 /* AddExpenseViewController.swift in Sources */ = {isa = PBXBuildFile; fileRef = 94237A1024EFF9D000E86D32 /* AddExpenseViewController.swift */; };
		94237A1324EFF9E100E86D32 /* AddExpense.storyboard in Resources */ = {isa = PBXBuildFile; fileRef = 94237A1224EFF9E100E86D32 /* AddExpense.storyboard */; };
		9425B21624F4EB23004DB666 /* AlertServices.swift in Sources */ = {isa = PBXBuildFile; fileRef = 9425B21524F4EB23004DB666 /* AlertServices.swift */; };
		94382EFF24EC0E1D00DECE94 /* Default-568h@2x.png in Resources */ = {isa = PBXBuildFile; fileRef = 94382EFE24EC0E1D00DECE94 /* Default-568h@2x.png */; };
		94382F0124EC149400DECE94 /* Colors.xcassets in Resources */ = {isa = PBXBuildFile; fileRef = 94382F0024EC149400DECE94 /* Colors.xcassets */; };
		946D52AB25011DBA008A3C5F /* ConverterViewModel.swift in Sources */ = {isa = PBXBuildFile; fileRef = 946D52AA25011DBA008A3C5F /* ConverterViewModel.swift */; };
		946F9E6324F8DCB500DD26B4 /* Utils.swift in Sources */ = {isa = PBXBuildFile; fileRef = 946F9E6224F8DCB500DD26B4 /* Utils.swift */; };
		947ACF7024F79BC400FEB842 /* EditViewController.swift in Sources */ = {isa = PBXBuildFile; fileRef = 947ACF6F24F79BC400FEB842 /* EditViewController.swift */; };
		947ACF7424F79E0500FEB842 /* Edit.storyboard in Resources */ = {isa = PBXBuildFile; fileRef = 947ACF7324F79E0500FEB842 /* Edit.storyboard */; };
		947ACF7A24F7E86200FEB842 /* setAmountFromConverter.swift in Sources */ = {isa = PBXBuildFile; fileRef = 947ACF7924F7E86200FEB842 /* setAmountFromConverter.swift */; };
		947C755B25026D0400F874E6 /* ShowInfoViewModel.swift in Sources */ = {isa = PBXBuildFile; fileRef = 947C755A25026D0400F874E6 /* ShowInfoViewModel.swift */; };
		947C755D2502751C00F874E6 /* AddViewModel.swift in Sources */ = {isa = PBXBuildFile; fileRef = 947C755C2502751C00F874E6 /* AddViewModel.swift */; };
		947C755F25027D8F00F874E6 /* EditViewModel.swift in Sources */ = {isa = PBXBuildFile; fileRef = 947C755E25027D8F00F874E6 /* EditViewModel.swift */; };
		9491DA3624FF7329006697AF /* HomeViewModel.swift in Sources */ = {isa = PBXBuildFile; fileRef = 9491DA3524FF7329006697AF /* HomeViewModel.swift */; };
		9491DA3924FFCC40006697AF /* ExpenseViewModel.swift in Sources */ = {isa = PBXBuildFile; fileRef = 9491DA3824FFCC40006697AF /* ExpenseViewModel.swift */; };
		94ACC94424EE4EA9002B9E5B /* LocalDataBase.swift in Sources */ = {isa = PBXBuildFile; fileRef = 94ACC94324EE4EA9002B9E5B /* LocalDataBase.swift */; };
		94ACC94724EE96EA002B9E5B /* HomeViewController.swift in Sources */ = {isa = PBXBuildFile; fileRef = 94ACC94624EE96EA002B9E5B /* HomeViewController.swift */; };
		94ACC94C24EEBA46002B9E5B /* MenuViewController.swift in Sources */ = {isa = PBXBuildFile; fileRef = 94ACC94B24EEBA46002B9E5B /* MenuViewController.swift */; };
		94ACC95024EEBD26002B9E5B /* Home.storyboard in Resources */ = {isa = PBXBuildFile; fileRef = 94ACC94F24EEBD26002B9E5B /* Home.storyboard */; };
		94C2A6DF24ED649D009D644F /* Expense.swift in Sources */ = {isa = PBXBuildFile; fileRef = 94C2A6DE24ED649D009D644F /* Expense.swift */; };
		94C2A6E224ED6CC9009D644F /* Validations.swift in Sources */ = {isa = PBXBuildFile; fileRef = 94C2A6E124ED6CC9009D644F /* Validations.swift */; };
		94C35A8124ED46220032443F /* RegisterViewController.swift in Sources */ = {isa = PBXBuildFile; fileRef = 94C35A8024ED46220032443F /* RegisterViewController.swift */; };
		94C35A8324ED46480032443F /* Register.storyboard in Resources */ = {isa = PBXBuildFile; fileRef = 94C35A8224ED46480032443F /* Register.storyboard */; };
		94C35A8624ED4B9E0032443F /* Reset.storyboard in Resources */ = {isa = PBXBuildFile; fileRef = 94C35A8524ED4B9E0032443F /* Reset.storyboard */; };
		94C35A8A24ED4C0A0032443F /* ResetViewController.swift in Sources */ = {isa = PBXBuildFile; fileRef = 94C35A8924ED4C0A0032443F /* ResetViewController.swift */; };
		94D80FCA24F6451E006F40FC /* CustomTableViewCell.swift in Sources */ = {isa = PBXBuildFile; fileRef = 94D80FC924F6451E006F40FC /* CustomTableViewCell.swift */; };
		94D80FCC24F65722006F40FC /* ShowInfo.storyboard in Resources */ = {isa = PBXBuildFile; fileRef = 94D80FCB24F65722006F40FC /* ShowInfo.storyboard */; };
		94D80FCE24F657C9006F40FC /* ShowInfoViewController.swift in Sources */ = {isa = PBXBuildFile; fileRef = 94D80FCD24F657C9006F40FC /* ShowInfoViewController.swift */; };
		94D80FD224F664F1006F40FC /* ShowInfo.swift in Sources */ = {isa = PBXBuildFile; fileRef = 94D80FD124F664F1006F40FC /* ShowInfo.swift */; };
		94E1835C24EBFEB9002D3E2A /* AppDelegate.swift in Sources */ = {isa = PBXBuildFile; fileRef = 94E1835B24EBFEB9002D3E2A /* AppDelegate.swift */; };
		94E1835E24EBFEB9002D3E2A /* LoginViewController.swift in Sources */ = {isa = PBXBuildFile; fileRef = 94E1835D24EBFEB9002D3E2A /* LoginViewController.swift */; };
		94E1836124EBFEB9002D3E2A /* Login.storyboard in Resources */ = {isa = PBXBuildFile; fileRef = 94E1835F24EBFEB9002D3E2A /* Login.storyboard */; };
		94E1836324EBFEBB002D3E2A /* Assets.xcassets in Resources */ = {isa = PBXBuildFile; fileRef = 94E1836224EBFEBB002D3E2A /* Assets.xcassets */; };
		94E1836624EBFEBB002D3E2A /* LaunchScreen.storyboard in Resources */ = {isa = PBXBuildFile; fileRef = 94E1836424EBFEBB002D3E2A /* LaunchScreen.storyboard */; };
		94E1836F24EC0307002D3E2A /* .gitignore in Resources */ = {isa = PBXBuildFile; fileRef = 94E1836E24EC0307002D3E2A /* .gitignore */; };
		94F3E6A8250F5DDA0068AFC1 /* Protocols.swift in Sources */ = {isa = PBXBuildFile; fileRef = 94F3E6A7250F5DDA0068AFC1 /* Protocols.swift */; };
		94F613D324EF9FD3006AA093 /* SlideInTransition.swift in Sources */ = {isa = PBXBuildFile; fileRef = 94F613D224EF9FD3006AA093 /* SlideInTransition.swift */; };
		94F613D624EFA743006AA093 /* ConverterViewController.swift in Sources */ = {isa = PBXBuildFile; fileRef = 94F613D524EFA743006AA093 /* ConverterViewController.swift */; };
		94F613DC24EFA785006AA093 /* Converter.storyboard in Resources */ = {isa = PBXBuildFile; fileRef = 94F613DB24EFA785006AA093 /* Converter.storyboard */; };
		94F613E024EFE150006AA093 /* ExpensesViewController.swift in Sources */ = {isa = PBXBuildFile; fileRef = 94F613DF24EFE150006AA093 /* ExpensesViewController.swift */; };
		94FA121F2509047F008846E5 /* UserNotifications.swift in Sources */ = {isa = PBXBuildFile; fileRef = 94FA121E2509047F008846E5 /* UserNotifications.swift */; };
		9B876C82FA6ABFEF9E320FB0 /* Pods_SpendWithBrainTests.framework in Frameworks */ = {isa = PBXBuildFile; fileRef = C9BD315B20F7E5AFD1FC5B47 /* Pods_SpendWithBrainTests.framework */; };
		A5563E8629311CBF00C3BB8F /* EmailValidationsTest.swift in Sources */ = {isa = PBXBuildFile; fileRef = A5563E8529311CBF00C3BB8F /* EmailValidationsTest.swift */; };
		A5563E882933A22600C3BB8F /* PasswordValidationsTests.swift in Sources */ = {isa = PBXBuildFile; fileRef = A5563E872933A22600C3BB8F /* PasswordValidationsTests.swift */; };
		A5563E8A2933A48500C3BB8F /* UsernameValidationsTests.swift in Sources */ = {isa = PBXBuildFile; fileRef = A5563E892933A48500C3BB8F /* UsernameValidationsTests.swift */; };
		B837E53D2923A3F30051349E /* GoogleService-Info.plist in Resources */ = {isa = PBXBuildFile; fileRef = B837E53C2923A3F30051349E /* GoogleService-Info.plist */; };
		CE16C24E41A9CF2E73341346 /* Pods_SpendWithBrain.framework in Frameworks */ = {isa = PBXBuildFile; fileRef = 73CB149B77EFEE6F80BDCE09 /* Pods_SpendWithBrain.framework */; };
/* End PBXBuildFile section */

/* Begin PBXContainerItemProxy section */
		A5563E802931191700C3BB8F /* PBXContainerItemProxy */ = {
			isa = PBXContainerItemProxy;
			containerPortal = 94E1835024EBFEB9002D3E2A /* Project object */;
			proxyType = 1;
			remoteGlobalIDString = 94E1835724EBFEB9002D3E2A;
			remoteInfo = SpendWithBrain;
		};
/* End PBXContainerItemProxy section */

/* Begin PBXFileReference section */
		0A8CA0AC0E4369361B8B3F44 /* Pods-SpendWithBrain.debug.xcconfig */ = {isa = PBXFileReference; includeInIndex = 1; lastKnownFileType = text.xcconfig; name = "Pods-SpendWithBrain.debug.xcconfig"; path = "Target Support Files/Pods-SpendWithBrain/Pods-SpendWithBrain.debug.xcconfig"; sourceTree = "<group>"; };
		2DC59A227FC9B3B7E14B6C9D /* Pods-SpendWithBrainTests.release.xcconfig */ = {isa = PBXFileReference; includeInIndex = 1; lastKnownFileType = text.xcconfig; name = "Pods-SpendWithBrainTests.release.xcconfig"; path = "Target Support Files/Pods-SpendWithBrainTests/Pods-SpendWithBrainTests.release.xcconfig"; sourceTree = "<group>"; };
		6B28E23F580D9CFD18C9B59D /* Pods-SpendWithBrainTests.debug.xcconfig */ = {isa = PBXFileReference; includeInIndex = 1; lastKnownFileType = text.xcconfig; name = "Pods-SpendWithBrainTests.debug.xcconfig"; path = "Target Support Files/Pods-SpendWithBrainTests/Pods-SpendWithBrainTests.debug.xcconfig"; sourceTree = "<group>"; };
		73CB149B77EFEE6F80BDCE09 /* Pods_SpendWithBrain.framework */ = {isa = PBXFileReference; explicitFileType = wrapper.framework; includeInIndex = 0; path = Pods_SpendWithBrain.framework; sourceTree = BUILT_PRODUCTS_DIR; };
		7DBBCB2624F1AFEC008C3A2D /* CurrencyModels.swift */ = {isa = PBXFileReference; lastKnownFileType = sourcecode.swift; path = CurrencyModels.swift; sourceTree = "<group>"; };
		82D8E4D8A136C659186190BF /* Pods-SpendWithBrain.release.xcconfig */ = {isa = PBXFileReference; includeInIndex = 1; lastKnownFileType = text.xcconfig; name = "Pods-SpendWithBrain.release.xcconfig"; path = "Target Support Files/Pods-SpendWithBrain/Pods-SpendWithBrain.release.xcconfig"; sourceTree = "<group>"; };
		9414E21225010A0E0093E3A8 /* LoginViewModel.swift */ = {isa = PBXFileReference; lastKnownFileType = sourcecode.swift; path = LoginViewModel.swift; sourceTree = "<group>"; };
		9414E21525010FCF0093E3A8 /* RegisterViewModel.swift */ = {isa = PBXFileReference; lastKnownFileType = sourcecode.swift; path = RegisterViewModel.swift; sourceTree = "<group>"; };
		9414E2182501142E0093E3A8 /* ResetViewModel.swift */ = {isa = PBXFileReference; lastKnownFileType = sourcecode.swift; path = ResetViewModel.swift; sourceTree = "<group>"; };
		94237A0B24EFE64C00E86D32 /* MainScreenViewController.swift */ = {isa = PBXFileReference; lastKnownFileType = sourcecode.swift; path = MainScreenViewController.swift; sourceTree = "<group>"; };
		94237A0D24EFEB2500E86D32 /* Navigation.swift */ = {isa = PBXFileReference; lastKnownFileType = sourcecode.swift; path = Navigation.swift; sourceTree = "<group>"; };
		94237A1024EFF9D000E86D32 /* AddExpenseViewController.swift */ = {isa = PBXFileReference; lastKnownFileType = sourcecode.swift; path = AddExpenseViewController.swift; sourceTree = "<group>"; };
		94237A1224EFF9E100E86D32 /* AddExpense.storyboard */ = {isa = PBXFileReference; lastKnownFileType = file.storyboard; path = AddExpense.storyboard; sourceTree = "<group>"; };
		9425B21524F4EB23004DB666 /* AlertServices.swift */ = {isa = PBXFileReference; lastKnownFileType = sourcecode.swift; path = AlertServices.swift; sourceTree = "<group>"; };
		94382EFE24EC0E1D00DECE94 /* Default-568h@2x.png */ = {isa = PBXFileReference; lastKnownFileType = image.png; path = "Default-568h@2x.png"; sourceTree = "<group>"; };
		94382F0024EC149400DECE94 /* Colors.xcassets */ = {isa = PBXFileReference; lastKnownFileType = folder.assetcatalog; path = Colors.xcassets; sourceTree = "<group>"; };
		946D52AA25011DBA008A3C5F /* ConverterViewModel.swift */ = {isa = PBXFileReference; lastKnownFileType = sourcecode.swift; path = ConverterViewModel.swift; sourceTree = "<group>"; };
		946F9E6224F8DCB500DD26B4 /* Utils.swift */ = {isa = PBXFileReference; lastKnownFileType = sourcecode.swift; path = Utils.swift; sourceTree = "<group>"; };
		947ACF6F24F79BC400FEB842 /* EditViewController.swift */ = {isa = PBXFileReference; lastKnownFileType = sourcecode.swift; path = EditViewController.swift; sourceTree = "<group>"; };
		947ACF7324F79E0500FEB842 /* Edit.storyboard */ = {isa = PBXFileReference; lastKnownFileType = file.storyboard; path = Edit.storyboard; sourceTree = "<group>"; };
		947ACF7924F7E86200FEB842 /* setAmountFromConverter.swift */ = {isa = PBXFileReference; lastKnownFileType = sourcecode.swift; path = setAmountFromConverter.swift; sourceTree = "<group>"; };
		947C755A25026D0400F874E6 /* ShowInfoViewModel.swift */ = {isa = PBXFileReference; lastKnownFileType = sourcecode.swift; path = ShowInfoViewModel.swift; sourceTree = "<group>"; };
		947C755C2502751C00F874E6 /* AddViewModel.swift */ = {isa = PBXFileReference; lastKnownFileType = sourcecode.swift; path = AddViewModel.swift; sourceTree = "<group>"; };
		947C755E25027D8F00F874E6 /* EditViewModel.swift */ = {isa = PBXFileReference; lastKnownFileType = sourcecode.swift; path = EditViewModel.swift; sourceTree = "<group>"; };
		9491DA3524FF7329006697AF /* HomeViewModel.swift */ = {isa = PBXFileReference; lastKnownFileType = sourcecode.swift; path = HomeViewModel.swift; sourceTree = "<group>"; };
		9491DA3824FFCC40006697AF /* ExpenseViewModel.swift */ = {isa = PBXFileReference; lastKnownFileType = sourcecode.swift; path = ExpenseViewModel.swift; sourceTree = "<group>"; };
		94ACC94324EE4EA9002B9E5B /* LocalDataBase.swift */ = {isa = PBXFileReference; lastKnownFileType = sourcecode.swift; path = LocalDataBase.swift; sourceTree = "<group>"; };
		94ACC94624EE96EA002B9E5B /* HomeViewController.swift */ = {isa = PBXFileReference; lastKnownFileType = sourcecode.swift; path = HomeViewController.swift; sourceTree = "<group>"; };
		94ACC94B24EEBA46002B9E5B /* MenuViewController.swift */ = {isa = PBXFileReference; lastKnownFileType = sourcecode.swift; path = MenuViewController.swift; sourceTree = "<group>"; };
		94ACC94F24EEBD26002B9E5B /* Home.storyboard */ = {isa = PBXFileReference; lastKnownFileType = file.storyboard; path = Home.storyboard; sourceTree = "<group>"; };
		94C2A6DE24ED649D009D644F /* Expense.swift */ = {isa = PBXFileReference; lastKnownFileType = sourcecode.swift; path = Expense.swift; sourceTree = "<group>"; };
		94C2A6E124ED6CC9009D644F /* Validations.swift */ = {isa = PBXFileReference; lastKnownFileType = sourcecode.swift; path = Validations.swift; sourceTree = "<group>"; };
		94C35A8024ED46220032443F /* RegisterViewController.swift */ = {isa = PBXFileReference; lastKnownFileType = sourcecode.swift; path = RegisterViewController.swift; sourceTree = "<group>"; };
		94C35A8224ED46480032443F /* Register.storyboard */ = {isa = PBXFileReference; lastKnownFileType = file.storyboard; path = Register.storyboard; sourceTree = "<group>"; };
		94C35A8524ED4B9E0032443F /* Reset.storyboard */ = {isa = PBXFileReference; lastKnownFileType = file.storyboard; path = Reset.storyboard; sourceTree = "<group>"; };
		94C35A8924ED4C0A0032443F /* ResetViewController.swift */ = {isa = PBXFileReference; lastKnownFileType = sourcecode.swift; path = ResetViewController.swift; sourceTree = "<group>"; };
		94D80FC924F6451E006F40FC /* CustomTableViewCell.swift */ = {isa = PBXFileReference; lastKnownFileType = sourcecode.swift; path = CustomTableViewCell.swift; sourceTree = "<group>"; };
		94D80FCB24F65722006F40FC /* ShowInfo.storyboard */ = {isa = PBXFileReference; lastKnownFileType = file.storyboard; path = ShowInfo.storyboard; sourceTree = "<group>"; };
		94D80FCD24F657C9006F40FC /* ShowInfoViewController.swift */ = {isa = PBXFileReference; lastKnownFileType = sourcecode.swift; path = ShowInfoViewController.swift; sourceTree = "<group>"; };
		94D80FD124F664F1006F40FC /* ShowInfo.swift */ = {isa = PBXFileReference; lastKnownFileType = sourcecode.swift; path = ShowInfo.swift; sourceTree = "<group>"; };
		94E1835824EBFEB9002D3E2A /* SpendWithBrain.app */ = {isa = PBXFileReference; explicitFileType = wrapper.application; includeInIndex = 0; path = SpendWithBrain.app; sourceTree = BUILT_PRODUCTS_DIR; };
		94E1835B24EBFEB9002D3E2A /* AppDelegate.swift */ = {isa = PBXFileReference; lastKnownFileType = sourcecode.swift; path = AppDelegate.swift; sourceTree = "<group>"; };
		94E1835D24EBFEB9002D3E2A /* LoginViewController.swift */ = {isa = PBXFileReference; lastKnownFileType = sourcecode.swift; path = LoginViewController.swift; sourceTree = "<group>"; };
		94E1836024EBFEB9002D3E2A /* Base */ = {isa = PBXFileReference; lastKnownFileType = file.storyboard; name = Base; path = Base.lproj/Login.storyboard; sourceTree = "<group>"; };
		94E1836224EBFEBB002D3E2A /* Assets.xcassets */ = {isa = PBXFileReference; lastKnownFileType = folder.assetcatalog; path = Assets.xcassets; sourceTree = "<group>"; };
		94E1836524EBFEBB002D3E2A /* Base */ = {isa = PBXFileReference; lastKnownFileType = file.storyboard; name = Base; path = Base.lproj/LaunchScreen.storyboard; sourceTree = "<group>"; };
		94E1836724EBFEBB002D3E2A /* Info.plist */ = {isa = PBXFileReference; lastKnownFileType = text.plist.xml; path = Info.plist; sourceTree = "<group>"; };
		94E1836E24EC0307002D3E2A /* .gitignore */ = {isa = PBXFileReference; lastKnownFileType = text; path = .gitignore; sourceTree = "<group>"; };
		94F3E6A7250F5DDA0068AFC1 /* Protocols.swift */ = {isa = PBXFileReference; lastKnownFileType = sourcecode.swift; path = Protocols.swift; sourceTree = "<group>"; };
		94F613D224EF9FD3006AA093 /* SlideInTransition.swift */ = {isa = PBXFileReference; lastKnownFileType = sourcecode.swift; path = SlideInTransition.swift; sourceTree = "<group>"; };
		94F613D524EFA743006AA093 /* ConverterViewController.swift */ = {isa = PBXFileReference; lastKnownFileType = sourcecode.swift; path = ConverterViewController.swift; sourceTree = "<group>"; };
		94F613DB24EFA785006AA093 /* Converter.storyboard */ = {isa = PBXFileReference; lastKnownFileType = file.storyboard; path = Converter.storyboard; sourceTree = "<group>"; };
		94F613DF24EFE150006AA093 /* ExpensesViewController.swift */ = {isa = PBXFileReference; lastKnownFileType = sourcecode.swift; path = ExpensesViewController.swift; sourceTree = "<group>"; };
		94FA121E2509047F008846E5 /* UserNotifications.swift */ = {isa = PBXFileReference; lastKnownFileType = sourcecode.swift; path = UserNotifications.swift; sourceTree = "<group>"; };
		A5563E7C2931191700C3BB8F /* SpendWithBrainTests.xctest */ = {isa = PBXFileReference; explicitFileType = wrapper.cfbundle; includeInIndex = 0; path = SpendWithBrainTests.xctest; sourceTree = BUILT_PRODUCTS_DIR; };
		A5563E8529311CBF00C3BB8F /* EmailValidationsTest.swift */ = {isa = PBXFileReference; lastKnownFileType = sourcecode.swift; path = EmailValidationsTest.swift; sourceTree = "<group>"; };
		A5563E872933A22600C3BB8F /* PasswordValidationsTests.swift */ = {isa = PBXFileReference; lastKnownFileType = sourcecode.swift; path = PasswordValidationsTests.swift; sourceTree = "<group>"; };
		A5563E892933A48500C3BB8F /* UsernameValidationsTests.swift */ = {isa = PBXFileReference; lastKnownFileType = sourcecode.swift; path = UsernameValidationsTests.swift; sourceTree = "<group>"; };
		B837E53C2923A3F30051349E /* GoogleService-Info.plist */ = {isa = PBXFileReference; fileEncoding = 4; lastKnownFileType = text.plist.xml; path = "GoogleService-Info.plist"; sourceTree = "<group>"; };
		C9BD315B20F7E5AFD1FC5B47 /* Pods_SpendWithBrainTests.framework */ = {isa = PBXFileReference; explicitFileType = wrapper.framework; includeInIndex = 0; path = Pods_SpendWithBrainTests.framework; sourceTree = BUILT_PRODUCTS_DIR; };
/* End PBXFileReference section */

/* Begin PBXFrameworksBuildPhase section */
		94E1835524EBFEB9002D3E2A /* Frameworks */ = {
			isa = PBXFrameworksBuildPhase;
			buildActionMask = 2147483647;
			files = (
				CE16C24E41A9CF2E73341346 /* Pods_SpendWithBrain.framework in Frameworks */,
			);
			runOnlyForDeploymentPostprocessing = 0;
		};
		A5563E792931191700C3BB8F /* Frameworks */ = {
			isa = PBXFrameworksBuildPhase;
			buildActionMask = 2147483647;
			files = (
				9B876C82FA6ABFEF9E320FB0 /* Pods_SpendWithBrainTests.framework in Frameworks */,
			);
			runOnlyForDeploymentPostprocessing = 0;
		};
/* End PBXFrameworksBuildPhase section */

/* Begin PBXGroup section */
		553172FD1AB3E9E225AABB0D /* Pods */ = {
			isa = PBXGroup;
			children = (
				0A8CA0AC0E4369361B8B3F44 /* Pods-SpendWithBrain.debug.xcconfig */,
				82D8E4D8A136C659186190BF /* Pods-SpendWithBrain.release.xcconfig */,
				6B28E23F580D9CFD18C9B59D /* Pods-SpendWithBrainTests.debug.xcconfig */,
				2DC59A227FC9B3B7E14B6C9D /* Pods-SpendWithBrainTests.release.xcconfig */,
			);
			path = Pods;
			sourceTree = "<group>";
		};
		94237A0F24EFF9B500E86D32 /* addExpense */ = {
			isa = PBXGroup;
			children = (
				94237A1024EFF9D000E86D32 /* AddExpenseViewController.swift */,
				94237A1224EFF9E100E86D32 /* AddExpense.storyboard */,
				9425B21524F4EB23004DB666 /* AlertServices.swift */,
				947C755C2502751C00F874E6 /* AddViewModel.swift */,
			);
			path = addExpense;
			sourceTree = "<group>";
		};
		947ACF6D24F79B9800FEB842 /* showInfo */ = {
			isa = PBXGroup;
			children = (
				94D80FCB24F65722006F40FC /* ShowInfo.storyboard */,
				94D80FCD24F657C9006F40FC /* ShowInfoViewController.swift */,
				94D80FD124F664F1006F40FC /* ShowInfo.swift */,
				947C755A25026D0400F874E6 /* ShowInfoViewModel.swift */,
			);
			path = showInfo;
			sourceTree = "<group>";
		};
		947ACF6E24F79BB000FEB842 /* editExpense */ = {
			isa = PBXGroup;
			children = (
				947ACF6F24F79BC400FEB842 /* EditViewController.swift */,
				947ACF7324F79E0500FEB842 /* Edit.storyboard */,
				947ACF7924F7E86200FEB842 /* setAmountFromConverter.swift */,
				947C755E25027D8F00F874E6 /* EditViewModel.swift */,
			);
			path = editExpense;
			sourceTree = "<group>";
		};
		947C756025027E7200F874E6 /* ViewModels */ = {
			isa = PBXGroup;
			children = (
				9491DA3524FF7329006697AF /* HomeViewModel.swift */,
				9491DA3824FFCC40006697AF /* ExpenseViewModel.swift */,
			);
			path = ViewModels;
			sourceTree = "<group>";
		};
		94ACC94524EE96D5002B9E5B /* home */ = {
			isa = PBXGroup;
			children = (
				947C756025027E7200F874E6 /* ViewModels */,
				94ACC94F24EEBD26002B9E5B /* Home.storyboard */,
				94ACC94624EE96EA002B9E5B /* HomeViewController.swift */,
				94F613DF24EFE150006AA093 /* ExpensesViewController.swift */,
				94237A0D24EFEB2500E86D32 /* Navigation.swift */,
				94237A0B24EFE64C00E86D32 /* MainScreenViewController.swift */,
				94ACC94B24EEBA46002B9E5B /* MenuViewController.swift */,
				94F613D224EF9FD3006AA093 /* SlideInTransition.swift */,
				94D80FC924F6451E006F40FC /* CustomTableViewCell.swift */,
				94F3E6A7250F5DDA0068AFC1 /* Protocols.swift */,
			);
			path = home;
			sourceTree = "<group>";
		};
		94ACC94A24EE9938002B9E5B /* launch */ = {
			isa = PBXGroup;
			children = (
				94E1836424EBFEBB002D3E2A /* LaunchScreen.storyboard */,
			);
			path = launch;
			sourceTree = "<group>";
		};
		94C2A6D924ED6390009D644F /* Models */ = {
			isa = PBXGroup;
			children = (
				94C2A6DE24ED649D009D644F /* Expense.swift */,
				7DBBCB2624F1AFEC008C3A2D /* CurrencyModels.swift */,
			);
			path = Models;
			sourceTree = "<group>";
		};
		94C2A6E024ED6CC0009D644F /* Utils */ = {
			isa = PBXGroup;
			children = (
				94C2A6E124ED6CC9009D644F /* Validations.swift */,
				94ACC94324EE4EA9002B9E5B /* LocalDataBase.swift */,
				946F9E6224F8DCB500DD26B4 /* Utils.swift */,
				94FA121E2509047F008846E5 /* UserNotifications.swift */,
			);
			path = Utils;
			sourceTree = "<group>";
		};
		94C35A7C24ED3E940032443F /* ViewControllers */ = {
			isa = PBXGroup;
			children = (
				947ACF6D24F79B9800FEB842 /* showInfo */,
				947ACF6E24F79BB000FEB842 /* editExpense */,
				94237A0F24EFF9B500E86D32 /* addExpense */,
				94F613D424EFA730006AA093 /* converter */,
				94ACC94A24EE9938002B9E5B /* launch */,
				94ACC94524EE96D5002B9E5B /* home */,
				94C35A8424ED4B840032443F /* resetPassword */,
				94C35A7F24ED460A0032443F /* register */,
				94C35A7E24ED3ED30032443F /* login */,
			);
			path = ViewControllers;
			sourceTree = "<group>";
		};
		94C35A7D24ED3EB10032443F /* Resources */ = {
			isa = PBXGroup;
			children = (
				94E1836224EBFEBB002D3E2A /* Assets.xcassets */,
				94382F0024EC149400DECE94 /* Colors.xcassets */,
			);
			path = Resources;
			sourceTree = "<group>";
		};
		94C35A7E24ED3ED30032443F /* login */ = {
			isa = PBXGroup;
			children = (
				9414E21225010A0E0093E3A8 /* LoginViewModel.swift */,
				94E1835D24EBFEB9002D3E2A /* LoginViewController.swift */,
				94E1835F24EBFEB9002D3E2A /* Login.storyboard */,
			);
			path = login;
			sourceTree = "<group>";
		};
		94C35A7F24ED460A0032443F /* register */ = {
			isa = PBXGroup;
			children = (
				9414E21525010FCF0093E3A8 /* RegisterViewModel.swift */,
				94C35A8024ED46220032443F /* RegisterViewController.swift */,
				94C35A8224ED46480032443F /* Register.storyboard */,
			);
			path = register;
			sourceTree = "<group>";
		};
		94C35A8424ED4B840032443F /* resetPassword */ = {
			isa = PBXGroup;
			children = (
				9414E2182501142E0093E3A8 /* ResetViewModel.swift */,
				94C35A8924ED4C0A0032443F /* ResetViewController.swift */,
				94C35A8524ED4B9E0032443F /* Reset.storyboard */,
			);
			path = resetPassword;
			sourceTree = "<group>";
		};
		94E1834F24EBFEB9002D3E2A = {
			isa = PBXGroup;
			children = (
				B837E53C2923A3F30051349E /* GoogleService-Info.plist */,
				94382EFE24EC0E1D00DECE94 /* Default-568h@2x.png */,
				94E1836E24EC0307002D3E2A /* .gitignore */,
				94E1835A24EBFEB9002D3E2A /* SpendWithBrain */,
				A5563E7D2931191700C3BB8F /* SpendWithBrainTests */,
				94E1835924EBFEB9002D3E2A /* Products */,
				553172FD1AB3E9E225AABB0D /* Pods */,
				EFE34A3B6683BF82BD85F376 /* Frameworks */,
			);
			sourceTree = "<group>";
		};
		94E1835924EBFEB9002D3E2A /* Products */ = {
			isa = PBXGroup;
			children = (
				94E1835824EBFEB9002D3E2A /* SpendWithBrain.app */,
				A5563E7C2931191700C3BB8F /* SpendWithBrainTests.xctest */,
			);
			name = Products;
			sourceTree = "<group>";
		};
		94E1835A24EBFEB9002D3E2A /* SpendWithBrain */ = {
			isa = PBXGroup;
			children = (
				94C2A6E024ED6CC0009D644F /* Utils */,
				94C2A6D924ED6390009D644F /* Models */,
				94C35A7D24ED3EB10032443F /* Resources */,
				94C35A7C24ED3E940032443F /* ViewControllers */,
				94E1836D24EC007B002D3E2A /* Supporting files */,
				94E1836724EBFEBB002D3E2A /* Info.plist */,
			);
			path = SpendWithBrain;
			sourceTree = "<group>";
		};
		94E1836D24EC007B002D3E2A /* Supporting files */ = {
			isa = PBXGroup;
			children = (
				94E1835B24EBFEB9002D3E2A /* AppDelegate.swift */,
			);
			path = "Supporting files";
			sourceTree = "<group>";
		};
		94F613D424EFA730006AA093 /* converter */ = {
			isa = PBXGroup;
			children = (
				946D52AA25011DBA008A3C5F /* ConverterViewModel.swift */,
				94F613D524EFA743006AA093 /* ConverterViewController.swift */,
				94F613DB24EFA785006AA093 /* Converter.storyboard */,
			);
			path = converter;
			sourceTree = "<group>";
		};
		A5563E7D2931191700C3BB8F /* SpendWithBrainTests */ = {
			isa = PBXGroup;
			children = (
				A5563E892933A48500C3BB8F /* UsernameValidationsTests.swift */,
				A5563E872933A22600C3BB8F /* PasswordValidationsTests.swift */,
				A5563E8529311CBF00C3BB8F /* EmailValidationsTest.swift */,
			);
			path = SpendWithBrainTests;
			sourceTree = "<group>";
		};
		EFE34A3B6683BF82BD85F376 /* Frameworks */ = {
			isa = PBXGroup;
			children = (
				73CB149B77EFEE6F80BDCE09 /* Pods_SpendWithBrain.framework */,
				C9BD315B20F7E5AFD1FC5B47 /* Pods_SpendWithBrainTests.framework */,
			);
			name = Frameworks;
			sourceTree = "<group>";
		};
/* End PBXGroup section */

/* Begin PBXNativeTarget section */
		94E1835724EBFEB9002D3E2A /* SpendWithBrain */ = {
			isa = PBXNativeTarget;
			buildConfigurationList = 94E1836A24EBFEBB002D3E2A /* Build configuration list for PBXNativeTarget "SpendWithBrain" */;
			buildPhases = (
				5B27C1181B41C46D18559FC1 /* [CP] Check Pods Manifest.lock */,
				94E1835424EBFEB9002D3E2A /* Sources */,
				94E1835524EBFEB9002D3E2A /* Frameworks */,
				94E1835624EBFEB9002D3E2A /* Resources */,
				8B7B81B9E786812DFE0BE964 /* [CP] Embed Pods Frameworks */,
			);
			buildRules = (
			);
			dependencies = (
			);
			name = SpendWithBrain;
			productName = SpendWithBrain;
			productReference = 94E1835824EBFEB9002D3E2A /* SpendWithBrain.app */;
			productType = "com.apple.product-type.application";
		};
		A5563E7B2931191700C3BB8F /* SpendWithBrainTests */ = {
			isa = PBXNativeTarget;
			buildConfigurationList = A5563E822931191700C3BB8F /* Build configuration list for PBXNativeTarget "SpendWithBrainTests" */;
			buildPhases = (
				C84705BB5AB223EC48D73A82 /* [CP] Check Pods Manifest.lock */,
				A5563E782931191700C3BB8F /* Sources */,
				A5563E792931191700C3BB8F /* Frameworks */,
				A5563E7A2931191700C3BB8F /* Resources */,
				69B56D2909639FF886BEFB58 /* [CP] Embed Pods Frameworks */,
			);
			buildRules = (
			);
			dependencies = (
				A5563E812931191700C3BB8F /* PBXTargetDependency */,
			);
			name = SpendWithBrainTests;
			productName = SpendWithBrainTests;
			productReference = A5563E7C2931191700C3BB8F /* SpendWithBrainTests.xctest */;
			productType = "com.apple.product-type.bundle.unit-test";
		};
/* End PBXNativeTarget section */

/* Begin PBXProject section */
		94E1835024EBFEB9002D3E2A /* Project object */ = {
			isa = PBXProject;
			attributes = {
				LastSwiftUpdateCheck = 1410;
				LastUpgradeCheck = 1000;
				ORGANIZATIONNAME = Maxim;
				TargetAttributes = {
					94E1835724EBFEB9002D3E2A = {
						CreatedOnToolsVersion = 10.0;
					};
					A5563E7B2931191700C3BB8F = {
						CreatedOnToolsVersion = 14.1;
						TestTargetID = 94E1835724EBFEB9002D3E2A;
					};
				};
			};
			buildConfigurationList = 94E1835324EBFEB9002D3E2A /* Build configuration list for PBXProject "SpendWithBrain" */;
			compatibilityVersion = "Xcode 9.3";
			developmentRegion = en;
			hasScannedForEncodings = 0;
			knownRegions = (
				en,
				Base,
			);
			mainGroup = 94E1834F24EBFEB9002D3E2A;
			productRefGroup = 94E1835924EBFEB9002D3E2A /* Products */;
			projectDirPath = "";
			projectRoot = "";
			targets = (
				94E1835724EBFEB9002D3E2A /* SpendWithBrain */,
				A5563E7B2931191700C3BB8F /* SpendWithBrainTests */,
			);
		};
/* End PBXProject section */

/* Begin PBXResourcesBuildPhase section */
		94E1835624EBFEB9002D3E2A /* Resources */ = {
			isa = PBXResourcesBuildPhase;
			buildActionMask = 2147483647;
			files = (
				94E1836F24EC0307002D3E2A /* .gitignore in Resources */,
				B837E53D2923A3F30051349E /* GoogleService-Info.plist in Resources */,
				94ACC95024EEBD26002B9E5B /* Home.storyboard in Resources */,
				94E1836624EBFEBB002D3E2A /* LaunchScreen.storyboard in Resources */,
				94E1836324EBFEBB002D3E2A /* Assets.xcassets in Resources */,
				94382F0124EC149400DECE94 /* Colors.xcassets in Resources */,
				947ACF7424F79E0500FEB842 /* Edit.storyboard in Resources */,
				94237A1324EFF9E100E86D32 /* AddExpense.storyboard in Resources */,
				94C35A8324ED46480032443F /* Register.storyboard in Resources */,
				94D80FCC24F65722006F40FC /* ShowInfo.storyboard in Resources */,
				94F613DC24EFA785006AA093 /* Converter.storyboard in Resources */,
				94C35A8624ED4B9E0032443F /* Reset.storyboard in Resources */,
				94382EFF24EC0E1D00DECE94 /* Default-568h@2x.png in Resources */,
				94E1836124EBFEB9002D3E2A /* Login.storyboard in Resources */,
			);
			runOnlyForDeploymentPostprocessing = 0;
		};
		A5563E7A2931191700C3BB8F /* Resources */ = {
			isa = PBXResourcesBuildPhase;
			buildActionMask = 2147483647;
			files = (
			);
			runOnlyForDeploymentPostprocessing = 0;
		};
/* End PBXResourcesBuildPhase section */

/* Begin PBXShellScriptBuildPhase section */
		5B27C1181B41C46D18559FC1 /* [CP] Check Pods Manifest.lock */ = {
			isa = PBXShellScriptBuildPhase;
			buildActionMask = 2147483647;
			files = (
			);
			inputFileListPaths = (
			);
			inputPaths = (
				"${PODS_PODFILE_DIR_PATH}/Podfile.lock",
				"${PODS_ROOT}/Manifest.lock",
			);
			name = "[CP] Check Pods Manifest.lock";
			outputFileListPaths = (
			);
			outputPaths = (
				"$(DERIVED_FILE_DIR)/Pods-SpendWithBrain-checkManifestLockResult.txt",
			);
			runOnlyForDeploymentPostprocessing = 0;
			shellPath = /bin/sh;
			shellScript = "diff \"${PODS_PODFILE_DIR_PATH}/Podfile.lock\" \"${PODS_ROOT}/Manifest.lock\" > /dev/null\nif [ $? != 0 ] ; then\n    # print error to STDERR\n    echo \"error: The sandbox is not in sync with the Podfile.lock. Run 'pod install' or update your CocoaPods installation.\" >&2\n    exit 1\nfi\n# This output is used by Xcode 'outputs' to avoid re-running this script phase.\necho \"SUCCESS\" > \"${SCRIPT_OUTPUT_FILE_0}\"\n";
			showEnvVarsInLog = 0;
		};
		69B56D2909639FF886BEFB58 /* [CP] Embed Pods Frameworks */ = {
			isa = PBXShellScriptBuildPhase;
			buildActionMask = 2147483647;
			files = (
			);
			inputFileListPaths = (
				"${PODS_ROOT}/Target Support Files/Pods-SpendWithBrainTests/Pods-SpendWithBrainTests-frameworks-${CONFIGURATION}-input-files.xcfilelist",
			);
			name = "[CP] Embed Pods Frameworks";
			outputFileListPaths = (
				"${PODS_ROOT}/Target Support Files/Pods-SpendWithBrainTests/Pods-SpendWithBrainTests-frameworks-${CONFIGURATION}-output-files.xcfilelist",
			);
			runOnlyForDeploymentPostprocessing = 0;
			shellPath = /bin/sh;
			shellScript = "\"${PODS_ROOT}/Target Support Files/Pods-SpendWithBrainTests/Pods-SpendWithBrainTests-frameworks.sh\"\n";
			showEnvVarsInLog = 0;
		};
		8B7B81B9E786812DFE0BE964 /* [CP] Embed Pods Frameworks */ = {
			isa = PBXShellScriptBuildPhase;
			buildActionMask = 2147483647;
			files = (
			);
			inputFileListPaths = (
				"${PODS_ROOT}/Target Support Files/Pods-SpendWithBrain/Pods-SpendWithBrain-frameworks-${CONFIGURATION}-input-files.xcfilelist",
			);
			name = "[CP] Embed Pods Frameworks";
			outputFileListPaths = (
				"${PODS_ROOT}/Target Support Files/Pods-SpendWithBrain/Pods-SpendWithBrain-frameworks-${CONFIGURATION}-output-files.xcfilelist",
			);
			runOnlyForDeploymentPostprocessing = 0;
			shellPath = /bin/sh;
			shellScript = "\"${PODS_ROOT}/Target Support Files/Pods-SpendWithBrain/Pods-SpendWithBrain-frameworks.sh\"\n";
			showEnvVarsInLog = 0;
		};
		C84705BB5AB223EC48D73A82 /* [CP] Check Pods Manifest.lock */ = {
			isa = PBXShellScriptBuildPhase;
			buildActionMask = 2147483647;
			files = (
			);
			inputFileListPaths = (
			);
			inputPaths = (
				"${PODS_PODFILE_DIR_PATH}/Podfile.lock",
				"${PODS_ROOT}/Manifest.lock",
			);
			name = "[CP] Check Pods Manifest.lock";
			outputFileListPaths = (
			);
			outputPaths = (
				"$(DERIVED_FILE_DIR)/Pods-SpendWithBrainTests-checkManifestLockResult.txt",
			);
			runOnlyForDeploymentPostprocessing = 0;
			shellPath = /bin/sh;
			shellScript = "diff \"${PODS_PODFILE_DIR_PATH}/Podfile.lock\" \"${PODS_ROOT}/Manifest.lock\" > /dev/null\nif [ $? != 0 ] ; then\n    # print error to STDERR\n    echo \"error: The sandbox is not in sync with the Podfile.lock. Run 'pod install' or update your CocoaPods installation.\" >&2\n    exit 1\nfi\n# This output is used by Xcode 'outputs' to avoid re-running this script phase.\necho \"SUCCESS\" > \"${SCRIPT_OUTPUT_FILE_0}\"\n";
			showEnvVarsInLog = 0;
		};
/* End PBXShellScriptBuildPhase section */

/* Begin PBXSourcesBuildPhase section */
		94E1835424EBFEB9002D3E2A /* Sources */ = {
			isa = PBXSourcesBuildPhase;
			buildActionMask = 2147483647;
			files = (
				947C755D2502751C00F874E6 /* AddViewModel.swift in Sources */,
				94C2A6DF24ED649D009D644F /* Expense.swift in Sources */,
				7DBBCB2724F1AFEC008C3A2D /* CurrencyModels.swift in Sources */,
				947C755F25027D8F00F874E6 /* EditViewModel.swift in Sources */,
				94D80FD224F664F1006F40FC /* ShowInfo.swift in Sources */,
				9414E2192501142E0093E3A8 /* ResetViewModel.swift in Sources */,
				9491DA3624FF7329006697AF /* HomeViewModel.swift in Sources */,
				94F613E024EFE150006AA093 /* ExpensesViewController.swift in Sources */,
				94ACC94C24EEBA46002B9E5B /* MenuViewController.swift in Sources */,
				94C35A8124ED46220032443F /* RegisterViewController.swift in Sources */,
				94D80FCA24F6451E006F40FC /* CustomTableViewCell.swift in Sources */,
				94E1835E24EBFEB9002D3E2A /* LoginViewController.swift in Sources */,
				947C755B25026D0400F874E6 /* ShowInfoViewModel.swift in Sources */,
				946D52AB25011DBA008A3C5F /* ConverterViewModel.swift in Sources */,
				94D80FCE24F657C9006F40FC /* ShowInfoViewController.swift in Sources */,
				94F3E6A8250F5DDA0068AFC1 /* Protocols.swift in Sources */,
				94237A0C24EFE64C00E86D32 /* MainScreenViewController.swift in Sources */,
				9491DA3924FFCC40006697AF /* ExpenseViewModel.swift in Sources */,
				94FA121F2509047F008846E5 /* UserNotifications.swift in Sources */,
				94C35A8A24ED4C0A0032443F /* ResetViewController.swift in Sources */,
				9425B21624F4EB23004DB666 /* AlertServices.swift in Sources */,
				94F613D324EF9FD3006AA093 /* SlideInTransition.swift in Sources */,
				947ACF7A24F7E86200FEB842 /* setAmountFromConverter.swift in Sources */,
				94237A1124EFF9D000E86D32 /* AddExpenseViewController.swift in Sources */,
				94ACC94724EE96EA002B9E5B /* HomeViewController.swift in Sources */,
				9414E21325010A0E0093E3A8 /* LoginViewModel.swift in Sources */,
				94237A0E24EFEB2500E86D32 /* Navigation.swift in Sources */,
				94E1835C24EBFEB9002D3E2A /* AppDelegate.swift in Sources */,
				94ACC94424EE4EA9002B9E5B /* LocalDataBase.swift in Sources */,
				94C2A6E224ED6CC9009D644F /* Validations.swift in Sources */,
				947ACF7024F79BC400FEB842 /* EditViewController.swift in Sources */,
				9414E21625010FCF0093E3A8 /* RegisterViewModel.swift in Sources */,
				94F613D624EFA743006AA093 /* ConverterViewController.swift in Sources */,
				946F9E6324F8DCB500DD26B4 /* Utils.swift in Sources */,
			);
			runOnlyForDeploymentPostprocessing = 0;
		};
		A5563E782931191700C3BB8F /* Sources */ = {
			isa = PBXSourcesBuildPhase;
			buildActionMask = 2147483647;
			files = (
				A5563E8A2933A48500C3BB8F /* UsernameValidationsTests.swift in Sources */,
				A5563E8629311CBF00C3BB8F /* EmailValidationsTest.swift in Sources */,
				A5563E882933A22600C3BB8F /* PasswordValidationsTests.swift in Sources */,
			);
			runOnlyForDeploymentPostprocessing = 0;
		};
/* End PBXSourcesBuildPhase section */

/* Begin PBXTargetDependency section */
		A5563E812931191700C3BB8F /* PBXTargetDependency */ = {
			isa = PBXTargetDependency;
			target = 94E1835724EBFEB9002D3E2A /* SpendWithBrain */;
			targetProxy = A5563E802931191700C3BB8F /* PBXContainerItemProxy */;
		};
/* End PBXTargetDependency section */

/* Begin PBXVariantGroup section */
		94E1835F24EBFEB9002D3E2A /* Login.storyboard */ = {
			isa = PBXVariantGroup;
			children = (
				94E1836024EBFEB9002D3E2A /* Base */,
			);
			name = Login.storyboard;
			sourceTree = "<group>";
		};
		94E1836424EBFEBB002D3E2A /* LaunchScreen.storyboard */ = {
			isa = PBXVariantGroup;
			children = (
				94E1836524EBFEBB002D3E2A /* Base */,
			);
			name = LaunchScreen.storyboard;
			sourceTree = "<group>";
		};
/* End PBXVariantGroup section */

/* Begin XCBuildConfiguration section */
		94E1836824EBFEBB002D3E2A /* Debug */ = {
			isa = XCBuildConfiguration;
			buildSettings = {
				ALWAYS_SEARCH_USER_PATHS = NO;
				CLANG_ANALYZER_NONNULL = YES;
				CLANG_ANALYZER_NUMBER_OBJECT_CONVERSION = YES_AGGRESSIVE;
				CLANG_CXX_LANGUAGE_STANDARD = "gnu++14";
				CLANG_CXX_LIBRARY = "libc++";
				CLANG_ENABLE_MODULES = YES;
				CLANG_ENABLE_OBJC_ARC = YES;
				CLANG_ENABLE_OBJC_WEAK = YES;
				CLANG_WARN_BLOCK_CAPTURE_AUTORELEASING = YES;
				CLANG_WARN_BOOL_CONVERSION = YES;
				CLANG_WARN_COMMA = YES;
				CLANG_WARN_CONSTANT_CONVERSION = YES;
				CLANG_WARN_DEPRECATED_OBJC_IMPLEMENTATIONS = YES;
				CLANG_WARN_DIRECT_OBJC_ISA_USAGE = YES_ERROR;
				CLANG_WARN_DOCUMENTATION_COMMENTS = YES;
				CLANG_WARN_EMPTY_BODY = YES;
				CLANG_WARN_ENUM_CONVERSION = YES;
				CLANG_WARN_INFINITE_RECURSION = YES;
				CLANG_WARN_INT_CONVERSION = YES;
				CLANG_WARN_NON_LITERAL_NULL_CONVERSION = YES;
				CLANG_WARN_OBJC_IMPLICIT_RETAIN_SELF = YES;
				CLANG_WARN_OBJC_LITERAL_CONVERSION = YES;
				CLANG_WARN_OBJC_ROOT_CLASS = YES_ERROR;
				CLANG_WARN_RANGE_LOOP_ANALYSIS = YES;
				CLANG_WARN_STRICT_PROTOTYPES = YES;
				CLANG_WARN_SUSPICIOUS_MOVE = YES;
				CLANG_WARN_UNGUARDED_AVAILABILITY = YES_AGGRESSIVE;
				CLANG_WARN_UNREACHABLE_CODE = YES;
				CLANG_WARN__DUPLICATE_METHOD_MATCH = YES;
				CODE_SIGN_IDENTITY = "iPhone Developer";
				COPY_PHASE_STRIP = NO;
				DEBUG_INFORMATION_FORMAT = dwarf;
				ENABLE_STRICT_OBJC_MSGSEND = YES;
				ENABLE_TESTABILITY = YES;
				GCC_C_LANGUAGE_STANDARD = gnu11;
				GCC_DYNAMIC_NO_PIC = NO;
				GCC_NO_COMMON_BLOCKS = YES;
				GCC_OPTIMIZATION_LEVEL = 0;
				GCC_PREPROCESSOR_DEFINITIONS = (
					"DEBUG=1",
					"$(inherited)",
				);
				GCC_WARN_64_TO_32_BIT_CONVERSION = YES;
				GCC_WARN_ABOUT_RETURN_TYPE = YES_ERROR;
				GCC_WARN_UNDECLARED_SELECTOR = YES;
				GCC_WARN_UNINITIALIZED_AUTOS = YES_AGGRESSIVE;
				GCC_WARN_UNUSED_FUNCTION = YES;
				GCC_WARN_UNUSED_VARIABLE = YES;
				IPHONEOS_DEPLOYMENT_TARGET = 12.0;
				MTL_ENABLE_DEBUG_INFO = INCLUDE_SOURCE;
				MTL_FAST_MATH = YES;
				ONLY_ACTIVE_ARCH = YES;
				SDKROOT = iphoneos;
				SWIFT_ACTIVE_COMPILATION_CONDITIONS = DEBUG;
				SWIFT_OPTIMIZATION_LEVEL = "-Onone";
			};
			name = Debug;
		};
		94E1836924EBFEBB002D3E2A /* Release */ = {
			isa = XCBuildConfiguration;
			buildSettings = {
				ALWAYS_SEARCH_USER_PATHS = NO;
				CLANG_ANALYZER_NONNULL = YES;
				CLANG_ANALYZER_NUMBER_OBJECT_CONVERSION = YES_AGGRESSIVE;
				CLANG_CXX_LANGUAGE_STANDARD = "gnu++14";
				CLANG_CXX_LIBRARY = "libc++";
				CLANG_ENABLE_MODULES = YES;
				CLANG_ENABLE_OBJC_ARC = YES;
				CLANG_ENABLE_OBJC_WEAK = YES;
				CLANG_WARN_BLOCK_CAPTURE_AUTORELEASING = YES;
				CLANG_WARN_BOOL_CONVERSION = YES;
				CLANG_WARN_COMMA = YES;
				CLANG_WARN_CONSTANT_CONVERSION = YES;
				CLANG_WARN_DEPRECATED_OBJC_IMPLEMENTATIONS = YES;
				CLANG_WARN_DIRECT_OBJC_ISA_USAGE = YES_ERROR;
				CLANG_WARN_DOCUMENTATION_COMMENTS = YES;
				CLANG_WARN_EMPTY_BODY = YES;
				CLANG_WARN_ENUM_CONVERSION = YES;
				CLANG_WARN_INFINITE_RECURSION = YES;
				CLANG_WARN_INT_CONVERSION = YES;
				CLANG_WARN_NON_LITERAL_NULL_CONVERSION = YES;
				CLANG_WARN_OBJC_IMPLICIT_RETAIN_SELF = YES;
				CLANG_WARN_OBJC_LITERAL_CONVERSION = YES;
				CLANG_WARN_OBJC_ROOT_CLASS = YES_ERROR;
				CLANG_WARN_RANGE_LOOP_ANALYSIS = YES;
				CLANG_WARN_STRICT_PROTOTYPES = YES;
				CLANG_WARN_SUSPICIOUS_MOVE = YES;
				CLANG_WARN_UNGUARDED_AVAILABILITY = YES_AGGRESSIVE;
				CLANG_WARN_UNREACHABLE_CODE = YES;
				CLANG_WARN__DUPLICATE_METHOD_MATCH = YES;
				CODE_SIGN_IDENTITY = "iPhone Developer";
				COPY_PHASE_STRIP = NO;
				DEBUG_INFORMATION_FORMAT = "dwarf-with-dsym";
				ENABLE_NS_ASSERTIONS = NO;
				ENABLE_STRICT_OBJC_MSGSEND = YES;
				GCC_C_LANGUAGE_STANDARD = gnu11;
				GCC_NO_COMMON_BLOCKS = YES;
				GCC_WARN_64_TO_32_BIT_CONVERSION = YES;
				GCC_WARN_ABOUT_RETURN_TYPE = YES_ERROR;
				GCC_WARN_UNDECLARED_SELECTOR = YES;
				GCC_WARN_UNINITIALIZED_AUTOS = YES_AGGRESSIVE;
				GCC_WARN_UNUSED_FUNCTION = YES;
				GCC_WARN_UNUSED_VARIABLE = YES;
				IPHONEOS_DEPLOYMENT_TARGET = 12.0;
				MTL_ENABLE_DEBUG_INFO = NO;
				MTL_FAST_MATH = YES;
				SDKROOT = iphoneos;
				SWIFT_COMPILATION_MODE = wholemodule;
				SWIFT_OPTIMIZATION_LEVEL = "-O";
				VALIDATE_PRODUCT = YES;
			};
			name = Release;
		};
		94E1836B24EBFEBB002D3E2A /* Debug */ = {
			isa = XCBuildConfiguration;
			baseConfigurationReference = 0A8CA0AC0E4369361B8B3F44 /* Pods-SpendWithBrain.debug.xcconfig */;
			buildSettings = {
				ASSETCATALOG_COMPILER_APPICON_NAME = AppIcon;
				CODE_SIGN_STYLE = Automatic;
				DEVELOPMENT_TEAM = 6M6FEN2D93;
				INFOPLIST_FILE = SpendWithBrain/Info.plist;
				LD_RUNPATH_SEARCH_PATHS = (
					"$(inherited)",
					"@executable_path/Frameworks",
				);
				PRODUCT_BUNDLE_IDENTIFIER = hehe.SpendWithBrain;
				PRODUCT_NAME = "$(TARGET_NAME)";
				SWIFT_VERSION = 4.2;
				TARGETED_DEVICE_FAMILY = "1,2";
			};
			name = Debug;
		};
		94E1836C24EBFEBB002D3E2A /* Release */ = {
			isa = XCBuildConfiguration;
			baseConfigurationReference = 82D8E4D8A136C659186190BF /* Pods-SpendWithBrain.release.xcconfig */;
			buildSettings = {
				ASSETCATALOG_COMPILER_APPICON_NAME = AppIcon;
				CODE_SIGN_STYLE = Automatic;
				DEVELOPMENT_TEAM = 6M6FEN2D93;
				INFOPLIST_FILE = SpendWithBrain/Info.plist;
				LD_RUNPATH_SEARCH_PATHS = (
					"$(inherited)",
					"@executable_path/Frameworks",
				);
				PRODUCT_BUNDLE_IDENTIFIER = hehe.SpendWithBrain;
				PRODUCT_NAME = "$(TARGET_NAME)";
				SWIFT_VERSION = 4.2;
				TARGETED_DEVICE_FAMILY = "1,2";
			};
			name = Release;
		};
		A5563E832931191700C3BB8F /* Debug */ = {
			isa = XCBuildConfiguration;
			baseConfigurationReference = 6B28E23F580D9CFD18C9B59D /* Pods-SpendWithBrainTests.debug.xcconfig */;
			buildSettings = {
				BUNDLE_LOADER = "$(TEST_HOST)";
				CLANG_CXX_LANGUAGE_STANDARD = "gnu++20";
				CLANG_WARN_QUOTED_INCLUDE_IN_FRAMEWORK_HEADER = YES;
				CODE_SIGN_STYLE = Automatic;
				CURRENT_PROJECT_VERSION = 1;
				GENERATE_INFOPLIST_FILE = YES;
				IPHONEOS_DEPLOYMENT_TARGET = 12.0;
				MACOSX_DEPLOYMENT_TARGET = 13.0;
				MARKETING_VERSION = 1.0;
				PRODUCT_BUNDLE_IDENTIFIER = hehe.SpendWithBrain.SpendWithBrainTests;
				PRODUCT_NAME = "$(TARGET_NAME)";
				SDKROOT = auto;
				SUPPORTED_PLATFORMS = "iphoneos iphonesimulator";
				SUPPORTS_MACCATALYST = NO;
				SUPPORTS_MAC_DESIGNED_FOR_IPHONE_IPAD = NO;
				SWIFT_EMIT_LOC_STRINGS = NO;
				SWIFT_VERSION = 4.2;
				TARGETED_DEVICE_FAMILY = "1,2";
				TEST_HOST = "$(BUILT_PRODUCTS_DIR)/SpendWithBrain.app/$(BUNDLE_EXECUTABLE_FOLDER_PATH)/SpendWithBrain";
			};
			name = Debug;
		};
		A5563E842931191700C3BB8F /* Release */ = {
			isa = XCBuildConfiguration;
			baseConfigurationReference = 2DC59A227FC9B3B7E14B6C9D /* Pods-SpendWithBrainTests.release.xcconfig */;
			buildSettings = {
				BUNDLE_LOADER = "$(TEST_HOST)";
				CLANG_CXX_LANGUAGE_STANDARD = "gnu++20";
				CLANG_WARN_QUOTED_INCLUDE_IN_FRAMEWORK_HEADER = YES;
				CODE_SIGN_STYLE = Automatic;
				CURRENT_PROJECT_VERSION = 1;
				GENERATE_INFOPLIST_FILE = YES;
				IPHONEOS_DEPLOYMENT_TARGET = 12.0;
				MACOSX_DEPLOYMENT_TARGET = 13.0;
				MARKETING_VERSION = 1.0;
				PRODUCT_BUNDLE_IDENTIFIER = hehe.SpendWithBrain.SpendWithBrainTests;
				PRODUCT_NAME = "$(TARGET_NAME)";
				SDKROOT = auto;
				SUPPORTED_PLATFORMS = "iphoneos iphonesimulator";
				SUPPORTS_MACCATALYST = NO;
				SUPPORTS_MAC_DESIGNED_FOR_IPHONE_IPAD = NO;
				SWIFT_EMIT_LOC_STRINGS = NO;
				SWIFT_VERSION = 4.2;
				TARGETED_DEVICE_FAMILY = "1,2";
				TEST_HOST = "$(BUILT_PRODUCTS_DIR)/SpendWithBrain.app/$(BUNDLE_EXECUTABLE_FOLDER_PATH)/SpendWithBrain";
			};
			name = Release;
		};
/* End XCBuildConfiguration section */

/* Begin XCConfigurationList section */
		94E1835324EBFEB9002D3E2A /* Build configuration list for PBXProject "SpendWithBrain" */ = {
			isa = XCConfigurationList;
			buildConfigurations = (
				94E1836824EBFEBB002D3E2A /* Debug */,
				94E1836924EBFEBB002D3E2A /* Release */,
			);
			defaultConfigurationIsVisible = 0;
			defaultConfigurationName = Release;
		};
		94E1836A24EBFEBB002D3E2A /* Build configuration list for PBXNativeTarget "SpendWithBrain" */ = {
			isa = XCConfigurationList;
			buildConfigurations = (
				94E1836B24EBFEBB002D3E2A /* Debug */,
				94E1836C24EBFEBB002D3E2A /* Release */,
			);
			defaultConfigurationIsVisible = 0;
			defaultConfigurationName = Release;
		};
		A5563E822931191700C3BB8F /* Build configuration list for PBXNativeTarget "SpendWithBrainTests" */ = {
			isa = XCConfigurationList;
			buildConfigurations = (
				A5563E832931191700C3BB8F /* Debug */,
				A5563E842931191700C3BB8F /* Release */,
			);
			defaultConfigurationIsVisible = 0;
			defaultConfigurationName = Release;
		};
/* End XCConfigurationList section */
	};
	rootObject = 94E1835024EBFEB9002D3E2A /* Project object */;
}
